
Microsoft Visual Studio Solution File, Format Version 12.00
# Visual Studio Version 17
VisualStudioVersion = 17.5.002.0
MinimumVisualStudioVersion = 10.0.40219.1
Project("{9A19103F-16F7-4668-BE54-9A1E7A4F7556}") = "fazenda_urbana_crud_dll", "fazenda_urbana_crud_dll.csproj", "{DF5265DB-0166-40E3-9051-784943F83D59}"
EndProject
Global
	GlobalSection(SolutionConfigurationPlatforms) = preSolution
		Debug|Any CPU = Debug|Any CPU
		Release|Any CPU = Release|Any CPU
	EndGlobalSection
	GlobalSection(ProjectConfigurationPlatforms) = postSolution
		{DF5265DB-0166-40E3-9051-784943F83D59}.Debug|Any CPU.ActiveCfg = Debug|Any CPU
		{DF5265DB-0166-40E3-9051-784943F83D59}.Debug|Any CPU.Build.0 = Debug|Any CPU
		{DF5265DB-0166-40E3-9051-784943F83D59}.Release|Any CPU.ActiveCfg = Release|Any CPU
		{DF5265DB-0166-40E3-9051-784943F83D59}.Release|Any CPU.Build.0 = Release|Any CPU
	EndGlobalSection
	GlobalSection(SolutionProperties) = preSolution
		HideSolutionNode = FALSE
	EndGlobalSection
	GlobalSection(ExtensibilityGlobals) = postSolution
		SolutionGuid = {AEC728A9-47E3-4274-B0E4-A0E6CA510EA4}
	EndGlobalSection
EndGlobal
