
Microsoft Visual Studio Solution File, Format Version 12.00
# Visual Studio Version 17
VisualStudioVersion = 17.5.002.0
MinimumVisualStudioVersion = 10.0.40219.1
Project("{9A19103F-16F7-4668-BE54-9A1E7A4F7556}") = "fazenda_urbana_console", "fazenda_urbana_console.csproj", "{5E5D10FD-A8FB-4735-AED2-48871BEF6B03}"
EndProject
Global
	GlobalSection(SolutionConfigurationPlatforms) = preSolution
		Debug|Any CPU = Debug|Any CPU
		Release|Any CPU = Release|Any CPU
	EndGlobalSection
	GlobalSection(ProjectConfigurationPlatforms) = postSolution
		{5E5D10FD-A8FB-4735-AED2-48871BEF6B03}.Debug|Any CPU.ActiveCfg = Debug|Any CPU
		{5E5D10FD-A8FB-4735-AED2-48871BEF6B03}.Debug|Any CPU.Build.0 = Debug|Any CPU
		{5E5D10FD-A8FB-4735-AED2-48871BEF6B03}.Release|Any CPU.ActiveCfg = Release|Any CPU
		{5E5D10FD-A8FB-4735-AED2-48871BEF6B03}.Release|Any CPU.Build.0 = Release|Any CPU
	EndGlobalSection
	GlobalSection(SolutionProperties) = preSolution
		HideSolutionNode = FALSE
	EndGlobalSection
	GlobalSection(ExtensibilityGlobals) = postSolution
		SolutionGuid = {E02B4120-E761-4C8B-9970-D524E33D0E5F}
	EndGlobalSection
EndGlobal
